{
  "originHash" : "b13e869a6ed586483d2dd5660dcc066290f9087523b7696c59704de9bf4c0392",
  "pins" : [
    {
      "identity" : "swift-case-paths",
      "kind" : "remoteSourceControl",
      "location" : "https://github.com/pointfreeco/swift-case-paths",
      "state" : {
        "revision" : "6989976265be3f8d2b5802c722f9ba168e227c71",
        "version" : "1.7.2"
      }
    },
    {
      "identity" : "swift-collections",
      "kind" : "remoteSourceControl",
      "location" : "https://github.com/apple/swift-collections",
      "state" : {
        "revision" : "3d2dc41a01f9e49d84f0a3925fb858bed64f702d",
        "version" : "1.1.2"
      }
    },
    {
      "identity" : "swift-rfc-3986",
      "kind" : "remoteSourceControl",
      "location" : "https://github.com/swift-standards/swift-rfc-3986.git",
      "state" : {
        "revision" : "dfaa7f5898bbe10e76053b0a9b529ab28ab46504",
        "version" : "0.1.3"
      }
    },
    {
      "identity" : "swift-rfc-6570",
      "kind" : "remoteSourceControl",
      "location" : "https://github.com/swift-standards/swift-rfc-6570.git",
      "state" : {
        "revision" : "1af24c9835c95525eed8a21efbd8d34f280a757f",
        "version" : "0.1.0"
      }
    },
    {
      "identity" : "swift-syntax",
      "kind" : "remoteSourceControl",
      "location" : "https://github.com/swiftlang/swift-syntax",
      "state" : {
        "revision" : "4799286537280063c85a32f09884cfbca301b1a1",
        "version" : "602.0.0"
      }
    },
    {
      "identity" : "xctest-dynamic-overlay",
      "kind" : "remoteSourceControl",
      "location" : "https://github.com/pointfreeco/xctest-dynamic-overlay",
      "state" : {
        "revision" : "4c27acf5394b645b70d8ba19dc249c0472d5f618",
        "version" : "1.7.0"
      }
    }
  ],
  "version" : 3
}
